{
  "name": "announcing-shared",
  "version": "0.0.1",
  "lockfileVersion": 2,
  "requires": true,
  "packages": {
    "": {
      "name": "announcing-shared",
      "version": "0.0.1",
      "dependencies": {
        "type-fest": "^0.21.1"
      }
    },
    "node_modules/type-fest": {
      "version": "0.21.1",
      "resolved": "https://registry.npmjs.org/type-fest/-/type-fest-0.21.1.tgz",
      "integrity": "sha512-IRDHjLrSaDb8NdGkqMXWjB6L/4ZhC9y2OtmheHmdkrhufHi8uRvkfJHzW7XKog8RAVZsgZ8JsZqDFg97aC99Xw==",
      "engines": {
        "node": ">=10"
      },
      "funding": {
        "url": "https://github.com/sponsors/sindresorhus"
      }
    }
  },
  "dependencies": {
    "type-fest": {
      "version": "0.21.1",
      "resolved": "https://registry.npmjs.org/type-fest/-/type-fest-0.21.1.tgz",
      "integrity": "sha512-IRDHjLrSaDb8NdGkqMXWjB6L/4ZhC9y2OtmheHmdkrhufHi8uRvkfJHzW7XKog8RAVZsgZ8JsZqDFg97aC99Xw=="
    }
  }
}
